Microsoft Visual Studio Solution File, Format Version 12.00
# Visual Studio Version 16
VisualStudioVersion = 16.0.28729.10
MinimumVisualStudioVersion = 10.0.40219.1
Project("{FAE04EC0-301F-11D3-BF4B-00C04F79EFBC}") = "RestApiCall.Android", "RestApiCall.Android\RestApiCall.Android.csproj", "{B8EC95AB-D897-4300-BA65-1C7895E9EE75}"
EndProject
Project("{FAE04EC0-301F-11D3-BF4B-00C04F79EFBC}") = "RestApiCall.iOS", "RestApiCall.iOS\RestApiCall.iOS.csproj", "{717AEBE4-ACD6-4EC5-805A-CB2924410207}"
EndProject
Project("{9A19103F-16F7-4668-BE54-9A1E7A4F7556}") = "RestApiCall", "RestApiCall\RestApiCall.csproj", "{B32FAF7A-3853-499B-8185-3A429F6A87A1}"
EndProject
Global
	GlobalSection(SolutionConfigurationPlatforms) = preSolution
		Ad-Hoc|Any CPU = Ad-Hoc|Any CPU
		Ad-Hoc|iPhone = Ad-Hoc|iPhone
		Ad-Hoc|iPhoneSimulator = Ad-Hoc|iPhoneSimulator
		AppStore|Any CPU = AppStore|Any CPU
		AppStore|iPhone = AppStore|iPhone
		AppStore|iPhoneSimulator = AppStore|iPhoneSimulator
		Debug|Any CPU = Debug|Any CPU
		Debug|iPhone = Debug|iPhone
		Debug|iPhoneSimulator = Debug|iPhoneSimulator
		Release|Any CPU = Release|Any CPU
		Release|iPhone = Release|iPhone
		Release|iPhoneSimulator = Release|iPhoneSimulator
	EndGlobalSection
	GlobalSection(ProjectConfigurationPlatforms) = postSolution
		{B8EC95AB-D897-4300-BA65-1C7895E9EE75}.Ad-Hoc|Any CPU.ActiveCfg = Release|Any CPU
		{B8EC95AB-D897-4300-BA65-1C7895E9EE75}.Ad-Hoc|Any CPU.Build.0 = Release|Any CPU
		{B8EC95AB-D897-4300-BA65-1C7895E9EE75}.Ad-Hoc|Any CPU.Deploy.0 = Release|Any CPU
		{B8EC95AB-D897-4300-BA65-1C7895E9EE75}.Ad-Hoc|iPhone.ActiveCfg = Debug|Any CPU
		{B8EC95AB-D897-4300-BA65-1C7895E9EE75}.Ad-Hoc|iPhone.Build.0 = Debug|Any CPU
		{B8EC95AB-D897-4300-BA65-1C7895E9EE75}.Ad-Hoc|iPhoneSimulator.ActiveCfg = Release|Any CPU
		{B8EC95AB-D897-4300-BA65-1C7895E9EE75}.Ad-Hoc|iPhoneSimulator.Build.0 = Release|Any CPU
		{B8EC95AB-D897-4300-BA65-1C7895E9EE75}.Ad-Hoc|iPhoneSimulator.Deploy.0 = Release|Any CPU
		{B8EC95AB-D897-4300-BA65-1C7895E9EE75}.AppStore|Any CPU.ActiveCfg = Release|Any CPU
		{B8EC95AB-D897-4300-BA65-1C7895E9EE75}.AppStore|Any CPU.Build.0 = Release|Any CPU
		{B8EC95AB-D897-4300-BA65-1C7895E9EE75}.AppStore|Any CPU.Deploy.0 = Release|Any CPU
		{B8EC95AB-D897-4300-BA65-1C7895E9EE75}.AppStore|iPhone.ActiveCfg = Debug|Any CPU
		{B8EC95AB-D897-4300-BA65-1C7895E9EE75}.AppStore|iPhone.Build.0 = Debug|Any CPU
		{B8EC95AB-D897-4300-BA65-1C7895E9EE75}.AppStore|iPhoneSimulator.ActiveCfg = Release|Any CPU
		{B8EC95AB-D897-4300-BA65-1C7895E9EE75}.AppStore|iPhoneSimulator.Build.0 = Release|Any CPU
		{B8EC95AB-D897-4300-BA65-1C7895E9EE75}.AppStore|iPhoneSimulator.Deploy.0 = Release|Any CPU
		{B8EC95AB-D897-4300-BA65-1C7895E9EE75}.Debug|Any CPU.ActiveCfg = Debug|Any CPU
		{B8EC95AB-D897-4300-BA65-1C7895E9EE75}.Debug|Any CPU.Build.0 = Debug|Any CPU
		{B8EC95AB-D897-4300-BA65-1C7895E9EE75}.Debug|iPhone.ActiveCfg = Debug|Any CPU
		{B8EC95AB-D897-4300-BA65-1C7895E9EE75}.Debug|iPhone.Build.0 = Debug|Any CPU
		{B8EC95AB-D897-4300-BA65-1C7895E9EE75}.Debug|iPhoneSimulator.ActiveCfg = Debug|Any CPU
		{B8EC95AB-D897-4300-BA65-1C7895E9EE75}.Debug|iPhoneSimulator.Build.0 = Debug|Any CPU
		{B8EC95AB-D897-4300-BA65-1C7895E9EE75}.Debug|iPhoneSimulator.Deploy.0 = Debug|Any CPU
		{B8EC95AB-D897-4300-BA65-1C7895E9EE75}.Release|Any CPU.ActiveCfg = Release|Any CPU
		{B8EC95AB-D897-4300-BA65-1C7895E9EE75}.Release|Any CPU.Build.0 = Release|Any CPU
		{B8EC95AB-D897-4300-BA65-1C7895E9EE75}.Release|iPhone.ActiveCfg = Release|Any CPU
		{B8EC95AB-D897-4300-BA65-1C7895E9EE75}.Release|iPhone.Build.0 = Release|Any CPU
		{B8EC95AB-D897-4300-BA65-1C7895E9EE75}.Release|iPhoneSimulator.ActiveCfg = Release|Any CPU
		{B8EC95AB-D897-4300-BA65-1C7895E9EE75}.Release|iPhoneSimulator.Build.0 = Release|Any CPU
		{717AEBE4-ACD6-4EC5-805A-CB2924410207}.Ad-Hoc|Any CPU.ActiveCfg = Ad-Hoc|iPhoneSimulator
		{717AEBE4-ACD6-4EC5-805A-CB2924410207}.Ad-Hoc|iPhone.ActiveCfg = Ad-Hoc|iPhone
		{717AEBE4-ACD6-4EC5-805A-CB2924410207}.Ad-Hoc|iPhone.Build.0 = Ad-Hoc|iPhone
		{717AEBE4-ACD6-4EC5-805A-CB2924410207}.Ad-Hoc|iPhoneSimulator.ActiveCfg = Ad-Hoc|iPhoneSimulator
		{717AEBE4-ACD6-4EC5-805A-CB2924410207}.Ad-Hoc|iPhoneSimulator.Build.0 = Ad-Hoc|iPhoneSimulator
		{717AEBE4-ACD6-4EC5-805A-CB2924410207}.AppStore|Any CPU.ActiveCfg = AppStore|iPhoneSimulator
		{717AEBE4-ACD6-4EC5-805A-CB2924410207}.AppStore|iPhone.ActiveCfg = AppStore|iPhone
		{717AEBE4-ACD6-4EC5-805A-CB2924410207}.AppStore|iPhone.Build.0 = AppStore|iPhone
		{717AEBE4-ACD6-4EC5-805A-CB2924410207}.AppStore|iPhoneSimulator.ActiveCfg = AppStore|iPhoneSimulator
		{717AEBE4-ACD6-4EC5-805A-CB2924410207}.AppStore|iPhoneSimulator.Build.0 = AppStore|iPhoneSimulator
		{717AEBE4-ACD6-4EC5-805A-CB2924410207}.Debug|Any CPU.ActiveCfg = Debug|iPhoneSimulator
		{717AEBE4-ACD6-4EC5-805A-CB2924410207}.Debug|Any CPU.Build.0 = Debug|iPhoneSimulator
		{717AEBE4-ACD6-4EC5-805A-CB2924410207}.Debug|iPhone.ActiveCfg = Debug|iPhone
		{717AEBE4-ACD6-4EC5-805A-CB2924410207}.Debug|iPhone.Build.0 = Debug|iPhone
		{717AEBE4-ACD6-4EC5-805A-CB2924410207}.Debug|iPhoneSimulator.ActiveCfg = Debug|iPhoneSimulator
		{717AEBE4-ACD6-4EC5-805A-CB2924410207}.Debug|iPhoneSimulator.Build.0 = Debug|iPhoneSimulator
		{717AEBE4-ACD6-4EC5-805A-CB2924410207}.Release|Any CPU.ActiveCfg = Release|iPhoneSimulator
		{717AEBE4-ACD6-4EC5-805A-CB2924410207}.Release|Any CPU.Build.0 = Release|iPhoneSimulator
		{717AEBE4-ACD6-4EC5-805A-CB2924410207}.Release|iPhone.ActiveCfg = Release|iPhone
		{717AEBE4-ACD6-4EC5-805A-CB2924410207}.Release|iPhone.Build.0 = Release|iPhone
		{717AEBE4-ACD6-4EC5-805A-CB2924410207}.Release|iPhoneSimulator.ActiveCfg = Release|iPhoneSimulator
		{717AEBE4-ACD6-4EC5-805A-CB2924410207}.Release|iPhoneSimulator.Build.0 = Release|iPhoneSimulator
		{B32FAF7A-3853-499B-8185-3A429F6A87A1}.Ad-Hoc|Any CPU.ActiveCfg = Release|Any CPU
		{B32FAF7A-3853-499B-8185-3A429F6A87A1}.Ad-Hoc|Any CPU.Build.0 = Release|Any CPU
		{B32FAF7A-3853-499B-8185-3A429F6A87A1}.Ad-Hoc|iPhone.ActiveCfg = Debug|Any CPU
		{B32FAF7A-3853-499B-8185-3A429F6A87A1}.Ad-Hoc|iPhone.Build.0 = Debug|Any CPU
		{B32FAF7A-3853-499B-8185-3A429F6A87A1}.Ad-Hoc|iPhoneSimulator.ActiveCfg = Release|Any CPU
		{B32FAF7A-3853-499B-8185-3A429F6A87A1}.Ad-Hoc|iPhoneSimulator.Build.0 = Release|Any CPU
		{B32FAF7A-3853-499B-8185-3A429F6A87A1}.AppStore|Any CPU.ActiveCfg = Release|Any CPU
		{B32FAF7A-3853-499B-8185-3A429F6A87A1}.AppStore|Any CPU.Build.0 = Release|Any CPU
		{B32FAF7A-3853-499B-8185-3A429F6A87A1}.AppStore|iPhone.ActiveCfg = Debug|Any CPU
		{B32FAF7A-3853-499B-8185-3A429F6A87A1}.AppStore|iPhone.Build.0 = Debug|Any CPU
		{B32FAF7A-3853-499B-8185-3A429F6A87A1}.AppStore|iPhoneSimulator.ActiveCfg = Release|Any CPU
		{B32FAF7A-3853-499B-8185-3A429F6A87A1}.AppStore|iPhoneSimulator.Build.0 = Release|Any CPU
		{B32FAF7A-3853-499B-8185-3A429F6A87A1}.Debug|Any CPU.ActiveCfg = Debug|Any CPU
		{B32FAF7A-3853-499B-8185-3A429F6A87A1}.Debug|Any CPU.Build.0 = Debug|Any CPU
		{B32FAF7A-3853-499B-8185-3A429F6A87A1}.Debug|iPhone.ActiveCfg = Debug|Any CPU
		{B32FAF7A-3853-499B-8185-3A429F6A87A1}.Debug|iPhone.Build.0 = Debug|Any CPU
		{B32FAF7A-3853-499B-8185-3A429F6A87A1}.Debug|iPhoneSimulator.ActiveCfg = Debug|Any CPU
		{B32FAF7A-3853-499B-8185-3A429F6A87A1}.Debug|iPhoneSimulator.Build.0 = Debug|Any CPU
		{B32FAF7A-3853-499B-8185-3A429F6A87A1}.Release|Any CPU.ActiveCfg = Release|Any CPU
		{B32FAF7A-3853-499B-8185-3A429F6A87A1}.Release|Any CPU.Build.0 = Release|Any CPU
		{B32FAF7A-3853-499B-8185-3A429F6A87A1}.Release|iPhone.ActiveCfg = Release|Any CPU
		{B32FAF7A-3853-499B-8185-3A429F6A87A1}.Release|iPhone.Build.0 = Release|Any CPU
		{B32FAF7A-3853-499B-8185-3A429F6A87A1}.Release|iPhoneSimulator.ActiveCfg = Release|Any CPU
		{B32FAF7A-3853-499B-8185-3A429F6A87A1}.Release|iPhoneSimulator.Build.0 = Release|Any CPU
	EndGlobalSection
	GlobalSection(SolutionProperties) = preSolution
		HideSolutionNode = FALSE
	EndGlobalSection
	GlobalSection(ExtensibilityGlobals) = postSolution
		SolutionGuid = {41E61E13-487D-4653-B6E4-939782BB1261}
	EndGlobalSection
EndGlobal
