
Microsoft Visual Studio Solution File, Format Version 12.00
# Visual Studio 15
Project("{FAE04EC0-301F-11D3-BF4B-00C04F79EFBC}") = "RestApiCall.Android", "RestApiCall.Android\RestApiCall.Android.csproj", "{B8EC95AB-D897-4300-BA65-1C7895E9EE75}"
EndProject
Project("{FAE04EC0-301F-11D3-BF4B-00C04F79EFBC}") = "RestApiCall.iOS", "RestApiCall.iOS\RestApiCall.iOS.csproj", "{717AEBE4-ACD6-4EC5-805A-CB2924410207}"
EndProject
Project("{FAE04EC0-301F-11D3-BF4B-00C04F79EFBC}") = "RestApiCall", "RestApiCall\RestApiCall.csproj", "{B32FAF7A-3853-499B-8185-3A429F6A87A1}"
EndProject
Global
	GlobalSection(SolutionConfigurationPlatforms) = preSolution
		Debug|Any CPU = Debug|Any CPU
		Release|Any CPU = Release|Any CPU
		Debug|iPhoneSimulator = Debug|iPhoneSimulator
		Release|iPhoneSimulator = Release|iPhoneSimulator
		Debug|iPhone = Debug|iPhone
		Release|iPhone = Release|iPhone
		Ad-Hoc|iPhone = Ad-Hoc|iPhone
		AppStore|iPhone = AppStore|iPhone
	EndGlobalSection
	GlobalSection(ProjectConfigurationPlatforms) = postSolution
		{B8EC95AB-D897-4300-BA65-1C7895E9EE75}.Debug|Any CPU.ActiveCfg = Debug|Any CPU
		{B8EC95AB-D897-4300-BA65-1C7895E9EE75}.Debug|Any CPU.Build.0 = Debug|Any CPU
		{B8EC95AB-D897-4300-BA65-1C7895E9EE75}.Release|Any CPU.ActiveCfg = Release|Any CPU
		{B8EC95AB-D897-4300-BA65-1C7895E9EE75}.Release|Any CPU.Build.0 = Release|Any CPU
		{B8EC95AB-D897-4300-BA65-1C7895E9EE75}.Debug|iPhoneSimulator.ActiveCfg = Debug|Any CPU
		{B8EC95AB-D897-4300-BA65-1C7895E9EE75}.Debug|iPhoneSimulator.Build.0 = Debug|Any CPU
		{B8EC95AB-D897-4300-BA65-1C7895E9EE75}.Release|iPhoneSimulator.ActiveCfg = Release|Any CPU
		{B8EC95AB-D897-4300-BA65-1C7895E9EE75}.Release|iPhoneSimulator.Build.0 = Release|Any CPU
		{B8EC95AB-D897-4300-BA65-1C7895E9EE75}.Debug|iPhone.ActiveCfg = Debug|Any CPU
		{B8EC95AB-D897-4300-BA65-1C7895E9EE75}.Debug|iPhone.Build.0 = Debug|Any CPU
		{B8EC95AB-D897-4300-BA65-1C7895E9EE75}.Release|iPhone.ActiveCfg = Release|Any CPU
		{B8EC95AB-D897-4300-BA65-1C7895E9EE75}.Release|iPhone.Build.0 = Release|Any CPU
		{B8EC95AB-D897-4300-BA65-1C7895E9EE75}.Ad-Hoc|iPhone.ActiveCfg = Debug|Any CPU
		{B8EC95AB-D897-4300-BA65-1C7895E9EE75}.Ad-Hoc|iPhone.Build.0 = Debug|Any CPU
		{B8EC95AB-D897-4300-BA65-1C7895E9EE75}.AppStore|iPhone.ActiveCfg = Debug|Any CPU
		{B8EC95AB-D897-4300-BA65-1C7895E9EE75}.AppStore|iPhone.Build.0 = Debug|Any CPU
		{717AEBE4-ACD6-4EC5-805A-CB2924410207}.Debug|Any CPU.ActiveCfg = Debug|iPhoneSimulator
		{717AEBE4-ACD6-4EC5-805A-CB2924410207}.Debug|Any CPU.Build.0 = Debug|iPhoneSimulator
		{717AEBE4-ACD6-4EC5-805A-CB2924410207}.Release|Any CPU.ActiveCfg = Release|iPhoneSimulator
		{717AEBE4-ACD6-4EC5-805A-CB2924410207}.Release|Any CPU.Build.0 = Release|iPhoneSimulator
		{717AEBE4-ACD6-4EC5-805A-CB2924410207}.Debug|iPhoneSimulator.ActiveCfg = Debug|iPhoneSimulator
		{717AEBE4-ACD6-4EC5-805A-CB2924410207}.Debug|iPhoneSimulator.Build.0 = Debug|iPhoneSimulator
		{717AEBE4-ACD6-4EC5-805A-CB2924410207}.Release|iPhoneSimulator.ActiveCfg = Release|iPhoneSimulator
		{717AEBE4-ACD6-4EC5-805A-CB2924410207}.Release|iPhoneSimulator.Build.0 = Release|iPhoneSimulator
		{717AEBE4-ACD6-4EC5-805A-CB2924410207}.Debug|iPhone.ActiveCfg = Debug|iPhone
		{717AEBE4-ACD6-4EC5-805A-CB2924410207}.Debug|iPhone.Build.0 = Debug|iPhone
		{717AEBE4-ACD6-4EC5-805A-CB2924410207}.Release|iPhone.ActiveCfg = Release|iPhone
		{717AEBE4-ACD6-4EC5-805A-CB2924410207}.Release|iPhone.Build.0 = Release|iPhone
		{717AEBE4-ACD6-4EC5-805A-CB2924410207}.Ad-Hoc|iPhone.ActiveCfg = Ad-Hoc|iPhone
		{717AEBE4-ACD6-4EC5-805A-CB2924410207}.Ad-Hoc|iPhone.Build.0 = Ad-Hoc|iPhone
		{717AEBE4-ACD6-4EC5-805A-CB2924410207}.AppStore|iPhone.ActiveCfg = AppStore|iPhone
		{717AEBE4-ACD6-4EC5-805A-CB2924410207}.AppStore|iPhone.Build.0 = AppStore|iPhone
		{B32FAF7A-3853-499B-8185-3A429F6A87A1}.Debug|Any CPU.ActiveCfg = Debug|Any CPU
		{B32FAF7A-3853-499B-8185-3A429F6A87A1}.Debug|Any CPU.Build.0 = Debug|Any CPU
		{B32FAF7A-3853-499B-8185-3A429F6A87A1}.Release|Any CPU.ActiveCfg = Release|Any CPU
		{B32FAF7A-3853-499B-8185-3A429F6A87A1}.Release|Any CPU.Build.0 = Release|Any CPU
		{B32FAF7A-3853-499B-8185-3A429F6A87A1}.Debug|iPhoneSimulator.ActiveCfg = Debug|Any CPU
		{B32FAF7A-3853-499B-8185-3A429F6A87A1}.Debug|iPhoneSimulator.Build.0 = Debug|Any CPU
		{B32FAF7A-3853-499B-8185-3A429F6A87A1}.Release|iPhoneSimulator.ActiveCfg = Release|Any CPU
		{B32FAF7A-3853-499B-8185-3A429F6A87A1}.Release|iPhoneSimulator.Build.0 = Release|Any CPU
		{B32FAF7A-3853-499B-8185-3A429F6A87A1}.Debug|iPhone.ActiveCfg = Debug|Any CPU
		{B32FAF7A-3853-499B-8185-3A429F6A87A1}.Debug|iPhone.Build.0 = Debug|Any CPU
		{B32FAF7A-3853-499B-8185-3A429F6A87A1}.Release|iPhone.ActiveCfg = Release|Any CPU
		{B32FAF7A-3853-499B-8185-3A429F6A87A1}.Release|iPhone.Build.0 = Release|Any CPU
		{B32FAF7A-3853-499B-8185-3A429F6A87A1}.Ad-Hoc|iPhone.ActiveCfg = Debug|Any CPU
		{B32FAF7A-3853-499B-8185-3A429F6A87A1}.Ad-Hoc|iPhone.Build.0 = Debug|Any CPU
		{B32FAF7A-3853-499B-8185-3A429F6A87A1}.AppStore|iPhone.ActiveCfg = Debug|Any CPU
		{B32FAF7A-3853-499B-8185-3A429F6A87A1}.AppStore|iPhone.Build.0 = Debug|Any CPU
	EndGlobalSection
EndGlobal
